
Microsoft Visual Studio Solution File, Format Version 12.00
# Visual Studio Version 16
VisualStudioVersion = 16.0.30225.117
MinimumVisualStudioVersion = 10.0.40219.1
Project("{2150E333-8FDC-42A3-9474-1A3956D46DE8}") = "Solution Items", "Solution Items", "{1D549F33-6C62-46B0-B028-12C35624A399}"
	ProjectSection(SolutionItems) = preProject
		.editorconfig = .editorconfig
		.gitignore = .gitignore
		Nuget.config = Nuget.config
		README.md = README.md
	EndProjectSection
EndProject
Project("{2150E333-8FDC-42A3-9474-1A3956D46DE8}") = "user", "user", "{8E53F1C2-9D32-4339-8551-7B4AB1160C41}"
EndProject
Project("{2150E333-8FDC-42A3-9474-1A3956D46DE8}") = "build", "build", "{9B0815E7-FEBD-42BF-8C66-F0C79C30A6AC}"
	ProjectSection(SolutionItems) = preProject
		user\build\build-ci.yml = user\build\build-ci.yml
	EndProjectSection
EndProject
Project("{2150E333-8FDC-42A3-9474-1A3956D46DE8}") = "test", "test", "{D685D605-5CF4-4A64-806B-BAB0FF71912F}"
EndProject
Project("{2150E333-8FDC-42A3-9474-1A3956D46DE8}") = "src", "src", "{F4ED5406-DCF4-4EAC-A47E-CC6CB1D83C56}"
EndProject
Project("{2150E333-8FDC-42A3-9474-1A3956D46DE8}") = "core", "core", "{041743DF-BFB5-45F8-9B3A-BDC51CDC0B6E}"
EndProject
Project("{9A19103F-16F7-4668-BE54-9A1E7A4F7556}") = "Bizca.User.Domain", "user\src\Bizca.User.Domain\Bizca.User.Domain.csproj", "{B7EF705D-9FC8-428E-8266-F6DE24BE6584}"
EndProject
Project("{9A19103F-16F7-4668-BE54-9A1E7A4F7556}") = "Bizca.User.Domain.UnitTest", "user\test\Bizca.User.Domain.UnitTest\Bizca.User.Domain.UnitTest.csproj", "{DA8B1574-8F45-4976-9F7E-69FAD4850EDF}"
EndProject
Project("{9A19103F-16F7-4668-BE54-9A1E7A4F7556}") = "Bizca.User.WebApi", "user\src\Bizca.User.WebApi\Bizca.User.WebApi.csproj", "{6066BBF8-87BE-4782-84E6-C116736DAD54}"
EndProject
Project("{9A19103F-16F7-4668-BE54-9A1E7A4F7556}") = "Bizca.Test.Support", "user\test\Bizca.Test.Support\Bizca.Test.Support.csproj", "{36B4C6BC-F733-463B-BEA5-14A79FEC2B4D}"
EndProject
Project("{2150E333-8FDC-42A3-9474-1A3956D46DE8}") = "database", "database", "{4012C8EC-5724-46E8-858C-FE6221482BD8}"
EndProject
Project("{00D1A9C2-B5F0-4AF3-8072-F6C62B433612}") = "bizca.dacpac", "database\bizca.dacpac\bizca.dacpac.sqlproj", "{BD7FBE3E-0188-477D-AFB9-41C2C9B0E5BD}"
EndProject
Project("{2150E333-8FDC-42A3-9474-1A3956D46DE8}") = "build", "build", "{EF7E32D1-D498-4B28-AF92-B3CD28DA3651}"
	ProjectSection(SolutionItems) = preProject
		database\build\build-ci.yml = database\build\build-ci.yml
		database\build\build-dacpac-ci.yml = database\build\build-dacpac-ci.yml
	EndProjectSection
EndProject
Project("{2150E333-8FDC-42A3-9474-1A3956D46DE8}") = "docker", "docker", "{A036919F-65F6-48DB-89AC-D21FC15CCF36}"
	ProjectSection(SolutionItems) = preProject
		database\docker\docker-compose.yml = database\docker\docker-compose.yml
		database\docker\dockerfile = database\docker\dockerfile
	EndProjectSection
EndProject
Project("{FAE04EC0-301F-11D3-BF4B-00C04F79EFBC}") = "bizca.build", "database\bizca.build\bizca.build.csproj", "{76EFAAF8-B782-4AB2-A970-D54A9EE37532}"
EndProject
Global
	GlobalSection(SolutionConfigurationPlatforms) = preSolution
		Debug|Any CPU = Debug|Any CPU
		Release|Any CPU = Release|Any CPU
	EndGlobalSection
	GlobalSection(ProjectConfigurationPlatforms) = postSolution
		{B7EF705D-9FC8-428E-8266-F6DE24BE6584}.Debug|Any CPU.ActiveCfg = Debug|Any CPU
		{B7EF705D-9FC8-428E-8266-F6DE24BE6584}.Debug|Any CPU.Build.0 = Debug|Any CPU
		{B7EF705D-9FC8-428E-8266-F6DE24BE6584}.Release|Any CPU.ActiveCfg = Release|Any CPU
		{B7EF705D-9FC8-428E-8266-F6DE24BE6584}.Release|Any CPU.Build.0 = Release|Any CPU
		{DA8B1574-8F45-4976-9F7E-69FAD4850EDF}.Debug|Any CPU.ActiveCfg = Debug|Any CPU
		{DA8B1574-8F45-4976-9F7E-69FAD4850EDF}.Debug|Any CPU.Build.0 = Debug|Any CPU
		{DA8B1574-8F45-4976-9F7E-69FAD4850EDF}.Release|Any CPU.ActiveCfg = Release|Any CPU
		{DA8B1574-8F45-4976-9F7E-69FAD4850EDF}.Release|Any CPU.Build.0 = Release|Any CPU
		{6066BBF8-87BE-4782-84E6-C116736DAD54}.Debug|Any CPU.ActiveCfg = Debug|Any CPU
		{6066BBF8-87BE-4782-84E6-C116736DAD54}.Debug|Any CPU.Build.0 = Debug|Any CPU
		{6066BBF8-87BE-4782-84E6-C116736DAD54}.Release|Any CPU.ActiveCfg = Release|Any CPU
		{6066BBF8-87BE-4782-84E6-C116736DAD54}.Release|Any CPU.Build.0 = Release|Any CPU
		{36B4C6BC-F733-463B-BEA5-14A79FEC2B4D}.Debug|Any CPU.ActiveCfg = Debug|Any CPU
		{36B4C6BC-F733-463B-BEA5-14A79FEC2B4D}.Debug|Any CPU.Build.0 = Debug|Any CPU
		{36B4C6BC-F733-463B-BEA5-14A79FEC2B4D}.Release|Any CPU.ActiveCfg = Release|Any CPU
		{36B4C6BC-F733-463B-BEA5-14A79FEC2B4D}.Release|Any CPU.Build.0 = Release|Any CPU
		{BD7FBE3E-0188-477D-AFB9-41C2C9B0E5BD}.Debug|Any CPU.ActiveCfg = Debug|Any CPU
		{BD7FBE3E-0188-477D-AFB9-41C2C9B0E5BD}.Debug|Any CPU.Build.0 = Debug|Any CPU
		{BD7FBE3E-0188-477D-AFB9-41C2C9B0E5BD}.Debug|Any CPU.Deploy.0 = Debug|Any CPU
		{BD7FBE3E-0188-477D-AFB9-41C2C9B0E5BD}.Release|Any CPU.ActiveCfg = Release|Any CPU
		{BD7FBE3E-0188-477D-AFB9-41C2C9B0E5BD}.Release|Any CPU.Build.0 = Release|Any CPU
		{BD7FBE3E-0188-477D-AFB9-41C2C9B0E5BD}.Release|Any CPU.Deploy.0 = Release|Any CPU
		{76EFAAF8-B782-4AB2-A970-D54A9EE37532}.Debug|Any CPU.ActiveCfg = Debug|Any CPU
		{76EFAAF8-B782-4AB2-A970-D54A9EE37532}.Debug|Any CPU.Build.0 = Debug|Any CPU
		{76EFAAF8-B782-4AB2-A970-D54A9EE37532}.Release|Any CPU.ActiveCfg = Release|Any CPU
		{76EFAAF8-B782-4AB2-A970-D54A9EE37532}.Release|Any CPU.Build.0 = Release|Any CPU
	EndGlobalSection
	GlobalSection(SolutionProperties) = preSolution
		HideSolutionNode = FALSE
	EndGlobalSection
	GlobalSection(NestedProjects) = preSolution
		{9B0815E7-FEBD-42BF-8C66-F0C79C30A6AC} = {8E53F1C2-9D32-4339-8551-7B4AB1160C41}
		{D685D605-5CF4-4A64-806B-BAB0FF71912F} = {8E53F1C2-9D32-4339-8551-7B4AB1160C41}
		{F4ED5406-DCF4-4EAC-A47E-CC6CB1D83C56} = {8E53F1C2-9D32-4339-8551-7B4AB1160C41}
		{041743DF-BFB5-45F8-9B3A-BDC51CDC0B6E} = {F4ED5406-DCF4-4EAC-A47E-CC6CB1D83C56}
		{B7EF705D-9FC8-428E-8266-F6DE24BE6584} = {041743DF-BFB5-45F8-9B3A-BDC51CDC0B6E}
		{DA8B1574-8F45-4976-9F7E-69FAD4850EDF} = {D685D605-5CF4-4A64-806B-BAB0FF71912F}
		{6066BBF8-87BE-4782-84E6-C116736DAD54} = {F4ED5406-DCF4-4EAC-A47E-CC6CB1D83C56}
		{36B4C6BC-F733-463B-BEA5-14A79FEC2B4D} = {D685D605-5CF4-4A64-806B-BAB0FF71912F}
		{BD7FBE3E-0188-477D-AFB9-41C2C9B0E5BD} = {4012C8EC-5724-46E8-858C-FE6221482BD8}
		{EF7E32D1-D498-4B28-AF92-B3CD28DA3651} = {4012C8EC-5724-46E8-858C-FE6221482BD8}
		{A036919F-65F6-48DB-89AC-D21FC15CCF36} = {4012C8EC-5724-46E8-858C-FE6221482BD8}
		{76EFAAF8-B782-4AB2-A970-D54A9EE37532} = {4012C8EC-5724-46E8-858C-FE6221482BD8}
	EndGlobalSection
	GlobalSection(ExtensibilityGlobals) = postSolution
		SolutionGuid = {7D7BB865-F57C-4290-8D7B-3D1CFD483CDE}
	EndGlobalSection
EndGlobal
