
Microsoft Visual Studio Solution File, Format Version 12.00
# Visual Studio Version 16
VisualStudioVersion = 16.0.30225.117
MinimumVisualStudioVersion = 10.0.40219.1
Project("{2150E333-8FDC-42A3-9474-1A3956D46DE8}") = "Solution Items", "Solution Items", "{1D549F33-6C62-46B0-B028-12C35624A399}"
	ProjectSection(SolutionItems) = preProject
		.editorconfig = .editorconfig
		.gitignore = .gitignore
		Nuget.config = Nuget.config
		README.md = README.md
	EndProjectSection
EndProject
Project("{2150E333-8FDC-42A3-9474-1A3956D46DE8}") = "user", "user", "{8E53F1C2-9D32-4339-8551-7B4AB1160C41}"
EndProject
Project("{2150E333-8FDC-42A3-9474-1A3956D46DE8}") = "build", "build", "{9B0815E7-FEBD-42BF-8C66-F0C79C30A6AC}"
	ProjectSection(SolutionItems) = preProject
		microservices\user\build\build-ci.yml = microservices\user\build\build-ci.yml
	EndProjectSection
EndProject
Project("{2150E333-8FDC-42A3-9474-1A3956D46DE8}") = "test", "test", "{D685D605-5CF4-4A64-806B-BAB0FF71912F}"
EndProject
Project("{2150E333-8FDC-42A3-9474-1A3956D46DE8}") = "src", "src", "{F4ED5406-DCF4-4EAC-A47E-CC6CB1D83C56}"
EndProject
Project("{9A19103F-16F7-4668-BE54-9A1E7A4F7556}") = "Bizca.User.Domain", "microservices\user\src\Bizca.User.Domain\Bizca.User.Domain.csproj", "{B7EF705D-9FC8-428E-8266-F6DE24BE6584}"
EndProject
Project("{9A19103F-16F7-4668-BE54-9A1E7A4F7556}") = "Bizca.User.Domain.UnitTest", "microservices\user\test\Bizca.User.Domain.UnitTest\Bizca.User.Domain.UnitTest.csproj", "{DA8B1574-8F45-4976-9F7E-69FAD4850EDF}"
EndProject
Project("{9A19103F-16F7-4668-BE54-9A1E7A4F7556}") = "Bizca.User.WebApi", "microservices\user\src\Bizca.User.WebApi\Bizca.User.WebApi.csproj", "{6066BBF8-87BE-4782-84E6-C116736DAD54}"
EndProject
Project("{2150E333-8FDC-42A3-9474-1A3956D46DE8}") = "database", "database", "{4012C8EC-5724-46E8-858C-FE6221482BD8}"
	ProjectSection(SolutionItems) = preProject
		database\database.profile.xml = database\database.profile.xml
	EndProjectSection
EndProject
Project("{00D1A9C2-B5F0-4AF3-8072-F6C62B433612}") = "bizca.database", "database\bizca.database\bizca.database.sqlproj", "{BD7FBE3E-0188-477D-AFB9-41C2C9B0E5BD}"
EndProject
Project("{2150E333-8FDC-42A3-9474-1A3956D46DE8}") = "build", "build", "{EF7E32D1-D498-4B28-AF92-B3CD28DA3651}"
	ProjectSection(SolutionItems) = preProject
		database\build\build-ci.yml = database\build\build-ci.yml
		database\build\build-dacpac-ci.yml = database\build\build-dacpac-ci.yml
	EndProjectSection
EndProject
Project("{2150E333-8FDC-42A3-9474-1A3956D46DE8}") = "docker", "docker", "{A036919F-65F6-48DB-89AC-D21FC15CCF36}"
	ProjectSection(SolutionItems) = preProject
		database\docker\create_database.bat = database\docker\create_database.bat
		database\docker\docker-compose.yml = database\docker\docker-compose.yml
		database\docker\dockerfile = database\docker\dockerfile
	EndProjectSection
EndProject
Project("{2150E333-8FDC-42A3-9474-1A3956D46DE8}") = "core", "core", "{11919D8E-4AD9-4BCA-9476-75D9C3B129DD}"
EndProject
Project("{2150E333-8FDC-42A3-9474-1A3956D46DE8}") = "src", "src", "{EE1A66BE-1601-4D86-A082-F391F986C43A}"
EndProject
Project("{2150E333-8FDC-42A3-9474-1A3956D46DE8}") = "test", "test", "{99C1A37C-EE0E-4791-90CF-C90520CE17A7}"
EndProject
Project("{9A19103F-16F7-4668-BE54-9A1E7A4F7556}") = "Bizca.Core.Domain", "core\src\Bizca.Core.Domain\Bizca.Core.Domain.csproj", "{4D25138F-D243-4786-A0C2-5494316AFF34}"
EndProject
Project("{9A19103F-16F7-4668-BE54-9A1E7A4F7556}") = "Bizca.Core.Domain.Test", "core\test\Bizca.Core.Domain.Test\Bizca.Core.Domain.Test.csproj", "{E7A1FCB5-7DA4-4B28-B46F-730CACFFB9B8}"
EndProject
Project("{9A19103F-16F7-4668-BE54-9A1E7A4F7556}") = "Bizca.Core.Test.Support", "core\test\Bizca.Core.Test.Support\Bizca.Core.Test.Support.csproj", "{9793AD2C-FAB7-4FE2-AB51-151280E7854F}"
EndProject
Project("{9A19103F-16F7-4668-BE54-9A1E7A4F7556}") = "Bizca.User.Infrastructure", "microservices\user\src\Bizca.User.Infrastructure\Bizca.User.Infrastructure.csproj", "{2AD792A5-3053-4901-8BAC-F12D558CFC9D}"
EndProject
Project("{9A19103F-16F7-4668-BE54-9A1E7A4F7556}") = "Bizca.Core.Infrastructure", "core\src\Bizca.Core.Infrastructure\Bizca.Core.Infrastructure.csproj", "{9F09439F-CAC7-4381-9A91-9BEAF0EA9CCE}"
EndProject
Project("{9A19103F-16F7-4668-BE54-9A1E7A4F7556}") = "Bizca.User.Infrastructure.UnitTest", "microservices\user\test\Bizca.User.Infrastructure.UnitTest\Bizca.User.Infrastructure.UnitTest.csproj", "{624E98DD-30A2-441B-9D97-1E881FFA038C}"
EndProject
Project("{9A19103F-16F7-4668-BE54-9A1E7A4F7556}") = "Bizca.Core.Infrastructure.Test", "core\test\Bizca.Core.Infrastructure.Test\Bizca.Core.Infrastructure.Test.csproj", "{B714CE7B-D98E-4272-AC8E-465C7D4E3DDF}"
EndProject
Project("{9A19103F-16F7-4668-BE54-9A1E7A4F7556}") = "Bizca.User.Application.UnitTest", "microservices\user\test\Bizca.User.Application.UnitTest\Bizca.User.Application.UnitTest.csproj", "{240ABBBD-7255-4AC1-9814-6A4B5443C6C8}"
EndProject
Project("{2150E333-8FDC-42A3-9474-1A3956D46DE8}") = "notification", "notification", "{B97FA904-845F-4021-9927-5C9B02F62BCB}"
EndProject
Project("{2150E333-8FDC-42A3-9474-1A3956D46DE8}") = "build", "build", "{544717FB-0B8C-4475-B132-AAFF44B657CB}"
	ProjectSection(SolutionItems) = preProject
		microservices\notification\build\build-ci.yml = microservices\notification\build\build-ci.yml
	EndProjectSection
EndProject
Project("{2150E333-8FDC-42A3-9474-1A3956D46DE8}") = "src", "src", "{5CAD597B-E6B1-42BE-8223-CA4B8F0402F6}"
EndProject
Project("{2150E333-8FDC-42A3-9474-1A3956D46DE8}") = "test", "test", "{229A6F06-F4A9-42EE-9953-22C8D3F63D9E}"
EndProject
Project("{9A19103F-16F7-4668-BE54-9A1E7A4F7556}") = "Bizca.Notification.Domain", "microservices\notification\src\Bizca.Notification.Domain\Bizca.Notification.Domain.csproj", "{178CCCF2-73FA-41F8-9812-E8C25F247605}"
EndProject
Project("{9A19103F-16F7-4668-BE54-9A1E7A4F7556}") = "Bizca.Notification.Application.UnitTest", "microservices\notification\test\Bizca.Notification.Application.UnitTest\Bizca.Notification.Application.UnitTest.csproj", "{DD1D8ED8-2FBA-41D9-85C1-D6F09459ED46}"
EndProject
Project("{9A19103F-16F7-4668-BE54-9A1E7A4F7556}") = "Bizca.Notification.Infrastructure", "microservices\notification\src\Bizca.Notification.Infrastructure\Bizca.Notification.Infrastructure.csproj", "{3CA06DD1-D10B-421B-B7F9-48417B41031E}"
EndProject
Project("{9A19103F-16F7-4668-BE54-9A1E7A4F7556}") = "Bizca.Notification.Infrastructure.UnitTest", "microservices\notification\test\Bizca.Notification.Infrastructure.UnitTest\Bizca.Notification.Infrastructure.UnitTest.csproj", "{2E360BC2-1900-4888-8703-DFBB6B903AD5}"
EndProject
Project("{9A19103F-16F7-4668-BE54-9A1E7A4F7556}") = "Bizca.Notification.WebApi", "microservices\notification\src\Bizca.Notification.WebApi\Bizca.Notification.WebApi.csproj", "{BB8384C8-F393-417E-8A30-4E8F4A6542FC}"
EndProject
Project("{2150E333-8FDC-42A3-9474-1A3956D46DE8}") = "microservices", "microservices", "{313067C4-52B9-4101-9C2E-9A8948323417}"
EndProject
Project("{2150E333-8FDC-42A3-9474-1A3956D46DE8}") = "gateway", "gateway", "{B50D549D-FE3F-463A-B8EB-67B57404D551}"
EndProject
Project("{2150E333-8FDC-42A3-9474-1A3956D46DE8}") = "build", "build", "{02CDCCB2-923C-466D-9E0C-FBA95CF80F28}"
	ProjectSection(SolutionItems) = preProject
		gateway\build\build-ci.yml = gateway\build\build-ci.yml
	EndProjectSection
EndProject
Project("{2150E333-8FDC-42A3-9474-1A3956D46DE8}") = "src", "src", "{876C011D-407A-496B-825B-D17251FB3F55}"
EndProject
Project("{2150E333-8FDC-42A3-9474-1A3956D46DE8}") = "test", "test", "{6DCE8ADB-7748-476C-BF67-2CD54B7BF59B}"
EndProject
Project("{9A19103F-16F7-4668-BE54-9A1E7A4F7556}") = "Bizca.Gateway", "gateway\src\Bizca.Gateway\Bizca.Gateway.csproj", "{7AF9B105-857B-4D1F-A4E7-2C8033FA4CAE}"
EndProject
Project("{9A19103F-16F7-4668-BE54-9A1E7A4F7556}") = "Bizca.Gateway.UnitTest", "gateway\test\Bizca.Gateway.UnitTest\Bizca.Gateway.UnitTest.csproj", "{89E42E09-1E28-4180-9ACD-CA043C833AEC}"
EndProject
Project("{9A19103F-16F7-4668-BE54-9A1E7A4F7556}") = "Bizca.Core.Security.Antelop", "core\src\Bizca.Core.Security.Antelop\Bizca.Core.Security.Antelop.csproj", "{F96C3F6F-1FA0-4B0D-8AD4-245670CA99D0}"
EndProject
Project("{9A19103F-16F7-4668-BE54-9A1E7A4F7556}") = "Bizca.Core.Api", "core\src\Bizca.Core.Api\Bizca.Core.Api.csproj", "{B4BF1A82-70A5-4ABE-8BC9-9941426A761D}"
EndProject
Project("{2150E333-8FDC-42A3-9474-1A3956D46DE8}") = "facade", "facade", "{AD0B16F9-C3BC-452D-8C02-231BDCA4DDD0}"
EndProject
Project("{2150E333-8FDC-42A3-9474-1A3956D46DE8}") = "bff", "bff", "{35DA88E6-8BA1-4D7D-B672-793136361504}"
EndProject
Project("{2150E333-8FDC-42A3-9474-1A3956D46DE8}") = "build", "build", "{F2A38661-145E-42DE-91F7-17785A417B4B}"
	ProjectSection(SolutionItems) = preProject
		facade\bff\build\build-ci.yml = facade\bff\build\build-ci.yml
	EndProjectSection
EndProject
Project("{2150E333-8FDC-42A3-9474-1A3956D46DE8}") = "src", "src", "{395E8673-F94A-407B-B7A0-45C112126D12}"
EndProject
Project("{2150E333-8FDC-42A3-9474-1A3956D46DE8}") = "test", "test", "{25E2B4AD-C826-4643-8800-F38DFA9FDDBB}"
EndProject
Project("{9A19103F-16F7-4668-BE54-9A1E7A4F7556}") = "Bizca.Bff.WebApi", "facade\bff\src\Bizca.Bff.WebApi\Bizca.Bff.WebApi.csproj", "{8E2F19F6-63B2-439E-9D51-758764A1168F}"
EndProject
Project("{9A19103F-16F7-4668-BE54-9A1E7A4F7556}") = "Bizca.Bff.Infrastructure", "facade\bff\src\Bizca.Bff.Infrastructure\Bizca.Bff.Infrastructure.csproj", "{0611CC5B-0C44-4DEA-B76D-4A2295FB06E6}"
EndProject
Project("{9A19103F-16F7-4668-BE54-9A1E7A4F7556}") = "Bizca.Bff.Domain", "facade\bff\src\Bizca.Bff.Domain\Bizca.Bff.Domain.csproj", "{65593520-E3CD-4726-8D71-F88166C26E95}"
EndProject
Project("{9A19103F-16F7-4668-BE54-9A1E7A4F7556}") = "Bizca.Bff.Application.Test", "facade\bff\test\Bizca.Bff.Application.Test\Bizca.Bff.Application.Test.csproj", "{C67E3C40-8684-49B1-9B18-1A08DCF32ED8}"
EndProject
Project("{9A19103F-16F7-4668-BE54-9A1E7A4F7556}") = "Bizca.Bff.Functional.Test", "facade\bff\test\Bizca.Bff.Functional.Test\Bizca.Bff.Functional.Test.csproj", "{06C163C3-5B59-47FE-A155-6AC2AB4335F5}"
EndProject
Project("{FAE04EC0-301F-11D3-BF4B-00C04F79EFBC}") = "Bizca.Core.Integration.Test", "core\test\Bizca.Core.Integration.Test\Bizca.Core.Integration.Test.csproj", "{A3F0F0EE-9A6E-4781-91C6-124C508B4E35}"
EndProject
Global
	GlobalSection(SolutionConfigurationPlatforms) = preSolution
		Debug|Any CPU = Debug|Any CPU
		Release|Any CPU = Release|Any CPU
	EndGlobalSection
	GlobalSection(ProjectConfigurationPlatforms) = postSolution
		{B7EF705D-9FC8-428E-8266-F6DE24BE6584}.Debug|Any CPU.ActiveCfg = Debug|Any CPU
		{B7EF705D-9FC8-428E-8266-F6DE24BE6584}.Debug|Any CPU.Build.0 = Debug|Any CPU
		{B7EF705D-9FC8-428E-8266-F6DE24BE6584}.Release|Any CPU.ActiveCfg = Release|Any CPU
		{B7EF705D-9FC8-428E-8266-F6DE24BE6584}.Release|Any CPU.Build.0 = Release|Any CPU
		{DA8B1574-8F45-4976-9F7E-69FAD4850EDF}.Debug|Any CPU.ActiveCfg = Debug|Any CPU
		{DA8B1574-8F45-4976-9F7E-69FAD4850EDF}.Debug|Any CPU.Build.0 = Debug|Any CPU
		{DA8B1574-8F45-4976-9F7E-69FAD4850EDF}.Release|Any CPU.ActiveCfg = Release|Any CPU
		{DA8B1574-8F45-4976-9F7E-69FAD4850EDF}.Release|Any CPU.Build.0 = Release|Any CPU
		{6066BBF8-87BE-4782-84E6-C116736DAD54}.Debug|Any CPU.ActiveCfg = Debug|Any CPU
		{6066BBF8-87BE-4782-84E6-C116736DAD54}.Debug|Any CPU.Build.0 = Debug|Any CPU
		{6066BBF8-87BE-4782-84E6-C116736DAD54}.Release|Any CPU.ActiveCfg = Release|Any CPU
		{6066BBF8-87BE-4782-84E6-C116736DAD54}.Release|Any CPU.Build.0 = Release|Any CPU
		{BD7FBE3E-0188-477D-AFB9-41C2C9B0E5BD}.Debug|Any CPU.ActiveCfg = Debug|Any CPU
		{BD7FBE3E-0188-477D-AFB9-41C2C9B0E5BD}.Debug|Any CPU.Build.0 = Debug|Any CPU
		{BD7FBE3E-0188-477D-AFB9-41C2C9B0E5BD}.Debug|Any CPU.Deploy.0 = Debug|Any CPU
		{BD7FBE3E-0188-477D-AFB9-41C2C9B0E5BD}.Release|Any CPU.ActiveCfg = Release|Any CPU
		{BD7FBE3E-0188-477D-AFB9-41C2C9B0E5BD}.Release|Any CPU.Build.0 = Release|Any CPU
		{BD7FBE3E-0188-477D-AFB9-41C2C9B0E5BD}.Release|Any CPU.Deploy.0 = Release|Any CPU
		{4D25138F-D243-4786-A0C2-5494316AFF34}.Debug|Any CPU.ActiveCfg = Debug|Any CPU
		{4D25138F-D243-4786-A0C2-5494316AFF34}.Debug|Any CPU.Build.0 = Debug|Any CPU
		{4D25138F-D243-4786-A0C2-5494316AFF34}.Release|Any CPU.ActiveCfg = Release|Any CPU
		{4D25138F-D243-4786-A0C2-5494316AFF34}.Release|Any CPU.Build.0 = Release|Any CPU
		{E7A1FCB5-7DA4-4B28-B46F-730CACFFB9B8}.Debug|Any CPU.ActiveCfg = Debug|Any CPU
		{E7A1FCB5-7DA4-4B28-B46F-730CACFFB9B8}.Debug|Any CPU.Build.0 = Debug|Any CPU
		{E7A1FCB5-7DA4-4B28-B46F-730CACFFB9B8}.Release|Any CPU.ActiveCfg = Release|Any CPU
		{E7A1FCB5-7DA4-4B28-B46F-730CACFFB9B8}.Release|Any CPU.Build.0 = Release|Any CPU
		{9793AD2C-FAB7-4FE2-AB51-151280E7854F}.Debug|Any CPU.ActiveCfg = Debug|Any CPU
		{9793AD2C-FAB7-4FE2-AB51-151280E7854F}.Debug|Any CPU.Build.0 = Debug|Any CPU
		{9793AD2C-FAB7-4FE2-AB51-151280E7854F}.Release|Any CPU.ActiveCfg = Release|Any CPU
		{9793AD2C-FAB7-4FE2-AB51-151280E7854F}.Release|Any CPU.Build.0 = Release|Any CPU
		{2AD792A5-3053-4901-8BAC-F12D558CFC9D}.Debug|Any CPU.ActiveCfg = Debug|Any CPU
		{2AD792A5-3053-4901-8BAC-F12D558CFC9D}.Debug|Any CPU.Build.0 = Debug|Any CPU
		{2AD792A5-3053-4901-8BAC-F12D558CFC9D}.Release|Any CPU.ActiveCfg = Release|Any CPU
		{2AD792A5-3053-4901-8BAC-F12D558CFC9D}.Release|Any CPU.Build.0 = Release|Any CPU
		{9F09439F-CAC7-4381-9A91-9BEAF0EA9CCE}.Debug|Any CPU.ActiveCfg = Debug|Any CPU
		{9F09439F-CAC7-4381-9A91-9BEAF0EA9CCE}.Debug|Any CPU.Build.0 = Debug|Any CPU
		{9F09439F-CAC7-4381-9A91-9BEAF0EA9CCE}.Release|Any CPU.ActiveCfg = Release|Any CPU
		{9F09439F-CAC7-4381-9A91-9BEAF0EA9CCE}.Release|Any CPU.Build.0 = Release|Any CPU
		{624E98DD-30A2-441B-9D97-1E881FFA038C}.Debug|Any CPU.ActiveCfg = Debug|Any CPU
		{624E98DD-30A2-441B-9D97-1E881FFA038C}.Debug|Any CPU.Build.0 = Debug|Any CPU
		{624E98DD-30A2-441B-9D97-1E881FFA038C}.Release|Any CPU.ActiveCfg = Release|Any CPU
		{624E98DD-30A2-441B-9D97-1E881FFA038C}.Release|Any CPU.Build.0 = Release|Any CPU
		{B714CE7B-D98E-4272-AC8E-465C7D4E3DDF}.Debug|Any CPU.ActiveCfg = Debug|Any CPU
		{B714CE7B-D98E-4272-AC8E-465C7D4E3DDF}.Debug|Any CPU.Build.0 = Debug|Any CPU
		{B714CE7B-D98E-4272-AC8E-465C7D4E3DDF}.Release|Any CPU.ActiveCfg = Release|Any CPU
		{B714CE7B-D98E-4272-AC8E-465C7D4E3DDF}.Release|Any CPU.Build.0 = Release|Any CPU
		{240ABBBD-7255-4AC1-9814-6A4B5443C6C8}.Debug|Any CPU.ActiveCfg = Debug|Any CPU
		{240ABBBD-7255-4AC1-9814-6A4B5443C6C8}.Debug|Any CPU.Build.0 = Debug|Any CPU
		{240ABBBD-7255-4AC1-9814-6A4B5443C6C8}.Release|Any CPU.ActiveCfg = Release|Any CPU
		{240ABBBD-7255-4AC1-9814-6A4B5443C6C8}.Release|Any CPU.Build.0 = Release|Any CPU
		{178CCCF2-73FA-41F8-9812-E8C25F247605}.Debug|Any CPU.ActiveCfg = Debug|Any CPU
		{178CCCF2-73FA-41F8-9812-E8C25F247605}.Debug|Any CPU.Build.0 = Debug|Any CPU
		{178CCCF2-73FA-41F8-9812-E8C25F247605}.Release|Any CPU.ActiveCfg = Release|Any CPU
		{178CCCF2-73FA-41F8-9812-E8C25F247605}.Release|Any CPU.Build.0 = Release|Any CPU
		{DD1D8ED8-2FBA-41D9-85C1-D6F09459ED46}.Debug|Any CPU.ActiveCfg = Debug|Any CPU
		{DD1D8ED8-2FBA-41D9-85C1-D6F09459ED46}.Debug|Any CPU.Build.0 = Debug|Any CPU
		{DD1D8ED8-2FBA-41D9-85C1-D6F09459ED46}.Release|Any CPU.ActiveCfg = Release|Any CPU
		{DD1D8ED8-2FBA-41D9-85C1-D6F09459ED46}.Release|Any CPU.Build.0 = Release|Any CPU
		{3CA06DD1-D10B-421B-B7F9-48417B41031E}.Debug|Any CPU.ActiveCfg = Debug|Any CPU
		{3CA06DD1-D10B-421B-B7F9-48417B41031E}.Debug|Any CPU.Build.0 = Debug|Any CPU
		{3CA06DD1-D10B-421B-B7F9-48417B41031E}.Release|Any CPU.ActiveCfg = Release|Any CPU
		{3CA06DD1-D10B-421B-B7F9-48417B41031E}.Release|Any CPU.Build.0 = Release|Any CPU
		{2E360BC2-1900-4888-8703-DFBB6B903AD5}.Debug|Any CPU.ActiveCfg = Debug|Any CPU
		{2E360BC2-1900-4888-8703-DFBB6B903AD5}.Debug|Any CPU.Build.0 = Debug|Any CPU
		{2E360BC2-1900-4888-8703-DFBB6B903AD5}.Release|Any CPU.ActiveCfg = Release|Any CPU
		{2E360BC2-1900-4888-8703-DFBB6B903AD5}.Release|Any CPU.Build.0 = Release|Any CPU
		{BB8384C8-F393-417E-8A30-4E8F4A6542FC}.Debug|Any CPU.ActiveCfg = Debug|Any CPU
		{BB8384C8-F393-417E-8A30-4E8F4A6542FC}.Debug|Any CPU.Build.0 = Debug|Any CPU
		{BB8384C8-F393-417E-8A30-4E8F4A6542FC}.Release|Any CPU.ActiveCfg = Release|Any CPU
		{BB8384C8-F393-417E-8A30-4E8F4A6542FC}.Release|Any CPU.Build.0 = Release|Any CPU
		{7AF9B105-857B-4D1F-A4E7-2C8033FA4CAE}.Debug|Any CPU.ActiveCfg = Debug|Any CPU
		{7AF9B105-857B-4D1F-A4E7-2C8033FA4CAE}.Debug|Any CPU.Build.0 = Debug|Any CPU
		{7AF9B105-857B-4D1F-A4E7-2C8033FA4CAE}.Release|Any CPU.ActiveCfg = Release|Any CPU
		{7AF9B105-857B-4D1F-A4E7-2C8033FA4CAE}.Release|Any CPU.Build.0 = Release|Any CPU
		{89E42E09-1E28-4180-9ACD-CA043C833AEC}.Debug|Any CPU.ActiveCfg = Debug|Any CPU
		{89E42E09-1E28-4180-9ACD-CA043C833AEC}.Debug|Any CPU.Build.0 = Debug|Any CPU
		{89E42E09-1E28-4180-9ACD-CA043C833AEC}.Release|Any CPU.ActiveCfg = Release|Any CPU
		{89E42E09-1E28-4180-9ACD-CA043C833AEC}.Release|Any CPU.Build.0 = Release|Any CPU
		{F96C3F6F-1FA0-4B0D-8AD4-245670CA99D0}.Debug|Any CPU.ActiveCfg = Debug|Any CPU
		{F96C3F6F-1FA0-4B0D-8AD4-245670CA99D0}.Debug|Any CPU.Build.0 = Debug|Any CPU
		{F96C3F6F-1FA0-4B0D-8AD4-245670CA99D0}.Release|Any CPU.ActiveCfg = Release|Any CPU
		{F96C3F6F-1FA0-4B0D-8AD4-245670CA99D0}.Release|Any CPU.Build.0 = Release|Any CPU
		{B4BF1A82-70A5-4ABE-8BC9-9941426A761D}.Debug|Any CPU.ActiveCfg = Debug|Any CPU
		{B4BF1A82-70A5-4ABE-8BC9-9941426A761D}.Debug|Any CPU.Build.0 = Debug|Any CPU
		{B4BF1A82-70A5-4ABE-8BC9-9941426A761D}.Release|Any CPU.ActiveCfg = Release|Any CPU
		{B4BF1A82-70A5-4ABE-8BC9-9941426A761D}.Release|Any CPU.Build.0 = Release|Any CPU
		{8E2F19F6-63B2-439E-9D51-758764A1168F}.Debug|Any CPU.ActiveCfg = Debug|Any CPU
		{8E2F19F6-63B2-439E-9D51-758764A1168F}.Debug|Any CPU.Build.0 = Debug|Any CPU
		{8E2F19F6-63B2-439E-9D51-758764A1168F}.Release|Any CPU.ActiveCfg = Release|Any CPU
		{8E2F19F6-63B2-439E-9D51-758764A1168F}.Release|Any CPU.Build.0 = Release|Any CPU
		{0611CC5B-0C44-4DEA-B76D-4A2295FB06E6}.Debug|Any CPU.ActiveCfg = Debug|Any CPU
		{0611CC5B-0C44-4DEA-B76D-4A2295FB06E6}.Debug|Any CPU.Build.0 = Debug|Any CPU
		{0611CC5B-0C44-4DEA-B76D-4A2295FB06E6}.Release|Any CPU.ActiveCfg = Release|Any CPU
		{0611CC5B-0C44-4DEA-B76D-4A2295FB06E6}.Release|Any CPU.Build.0 = Release|Any CPU
		{65593520-E3CD-4726-8D71-F88166C26E95}.Debug|Any CPU.ActiveCfg = Debug|Any CPU
		{65593520-E3CD-4726-8D71-F88166C26E95}.Debug|Any CPU.Build.0 = Debug|Any CPU
		{65593520-E3CD-4726-8D71-F88166C26E95}.Release|Any CPU.ActiveCfg = Release|Any CPU
		{65593520-E3CD-4726-8D71-F88166C26E95}.Release|Any CPU.Build.0 = Release|Any CPU
		{C67E3C40-8684-49B1-9B18-1A08DCF32ED8}.Debug|Any CPU.ActiveCfg = Debug|Any CPU
		{C67E3C40-8684-49B1-9B18-1A08DCF32ED8}.Debug|Any CPU.Build.0 = Debug|Any CPU
		{C67E3C40-8684-49B1-9B18-1A08DCF32ED8}.Release|Any CPU.ActiveCfg = Release|Any CPU
		{C67E3C40-8684-49B1-9B18-1A08DCF32ED8}.Release|Any CPU.Build.0 = Release|Any CPU
		{06C163C3-5B59-47FE-A155-6AC2AB4335F5}.Debug|Any CPU.ActiveCfg = Debug|Any CPU
		{06C163C3-5B59-47FE-A155-6AC2AB4335F5}.Debug|Any CPU.Build.0 = Debug|Any CPU
		{06C163C3-5B59-47FE-A155-6AC2AB4335F5}.Release|Any CPU.ActiveCfg = Release|Any CPU
		{06C163C3-5B59-47FE-A155-6AC2AB4335F5}.Release|Any CPU.Build.0 = Release|Any CPU
		{A3F0F0EE-9A6E-4781-91C6-124C508B4E35}.Debug|Any CPU.ActiveCfg = Debug|Any CPU
		{A3F0F0EE-9A6E-4781-91C6-124C508B4E35}.Debug|Any CPU.Build.0 = Debug|Any CPU
		{A3F0F0EE-9A6E-4781-91C6-124C508B4E35}.Release|Any CPU.ActiveCfg = Release|Any CPU
		{A3F0F0EE-9A6E-4781-91C6-124C508B4E35}.Release|Any CPU.Build.0 = Release|Any CPU
	EndGlobalSection
	GlobalSection(SolutionProperties) = preSolution
		HideSolutionNode = FALSE
	EndGlobalSection
	GlobalSection(NestedProjects) = preSolution
		{8E53F1C2-9D32-4339-8551-7B4AB1160C41} = {313067C4-52B9-4101-9C2E-9A8948323417}
		{9B0815E7-FEBD-42BF-8C66-F0C79C30A6AC} = {8E53F1C2-9D32-4339-8551-7B4AB1160C41}
		{D685D605-5CF4-4A64-806B-BAB0FF71912F} = {8E53F1C2-9D32-4339-8551-7B4AB1160C41}
		{F4ED5406-DCF4-4EAC-A47E-CC6CB1D83C56} = {8E53F1C2-9D32-4339-8551-7B4AB1160C41}
		{DA8B1574-8F45-4976-9F7E-69FAD4850EDF} = {D685D605-5CF4-4A64-806B-BAB0FF71912F}
		{6066BBF8-87BE-4782-84E6-C116736DAD54} = {F4ED5406-DCF4-4EAC-A47E-CC6CB1D83C56}
		{BD7FBE3E-0188-477D-AFB9-41C2C9B0E5BD} = {4012C8EC-5724-46E8-858C-FE6221482BD8}
		{EF7E32D1-D498-4B28-AF92-B3CD28DA3651} = {4012C8EC-5724-46E8-858C-FE6221482BD8}
		{A036919F-65F6-48DB-89AC-D21FC15CCF36} = {4012C8EC-5724-46E8-858C-FE6221482BD8}
		{EE1A66BE-1601-4D86-A082-F391F986C43A} = {11919D8E-4AD9-4BCA-9476-75D9C3B129DD}
		{99C1A37C-EE0E-4791-90CF-C90520CE17A7} = {11919D8E-4AD9-4BCA-9476-75D9C3B129DD}
		{4D25138F-D243-4786-A0C2-5494316AFF34} = {EE1A66BE-1601-4D86-A082-F391F986C43A}
		{E7A1FCB5-7DA4-4B28-B46F-730CACFFB9B8} = {99C1A37C-EE0E-4791-90CF-C90520CE17A7}
		{9793AD2C-FAB7-4FE2-AB51-151280E7854F} = {99C1A37C-EE0E-4791-90CF-C90520CE17A7}
		{2AD792A5-3053-4901-8BAC-F12D558CFC9D} = {F4ED5406-DCF4-4EAC-A47E-CC6CB1D83C56}
		{9F09439F-CAC7-4381-9A91-9BEAF0EA9CCE} = {EE1A66BE-1601-4D86-A082-F391F986C43A}
		{624E98DD-30A2-441B-9D97-1E881FFA038C} = {D685D605-5CF4-4A64-806B-BAB0FF71912F}
		{B714CE7B-D98E-4272-AC8E-465C7D4E3DDF} = {99C1A37C-EE0E-4791-90CF-C90520CE17A7}
		{240ABBBD-7255-4AC1-9814-6A4B5443C6C8} = {D685D605-5CF4-4A64-806B-BAB0FF71912F}
		{B97FA904-845F-4021-9927-5C9B02F62BCB} = {313067C4-52B9-4101-9C2E-9A8948323417}
		{544717FB-0B8C-4475-B132-AAFF44B657CB} = {B97FA904-845F-4021-9927-5C9B02F62BCB}
		{5CAD597B-E6B1-42BE-8223-CA4B8F0402F6} = {B97FA904-845F-4021-9927-5C9B02F62BCB}
		{229A6F06-F4A9-42EE-9953-22C8D3F63D9E} = {B97FA904-845F-4021-9927-5C9B02F62BCB}
		{DD1D8ED8-2FBA-41D9-85C1-D6F09459ED46} = {229A6F06-F4A9-42EE-9953-22C8D3F63D9E}
		{3CA06DD1-D10B-421B-B7F9-48417B41031E} = {5CAD597B-E6B1-42BE-8223-CA4B8F0402F6}
		{2E360BC2-1900-4888-8703-DFBB6B903AD5} = {229A6F06-F4A9-42EE-9953-22C8D3F63D9E}
		{BB8384C8-F393-417E-8A30-4E8F4A6542FC} = {5CAD597B-E6B1-42BE-8223-CA4B8F0402F6}
		{02CDCCB2-923C-466D-9E0C-FBA95CF80F28} = {B50D549D-FE3F-463A-B8EB-67B57404D551}
		{876C011D-407A-496B-825B-D17251FB3F55} = {B50D549D-FE3F-463A-B8EB-67B57404D551}
		{6DCE8ADB-7748-476C-BF67-2CD54B7BF59B} = {B50D549D-FE3F-463A-B8EB-67B57404D551}
		{7AF9B105-857B-4D1F-A4E7-2C8033FA4CAE} = {876C011D-407A-496B-825B-D17251FB3F55}
		{89E42E09-1E28-4180-9ACD-CA043C833AEC} = {6DCE8ADB-7748-476C-BF67-2CD54B7BF59B}
		{F96C3F6F-1FA0-4B0D-8AD4-245670CA99D0} = {EE1A66BE-1601-4D86-A082-F391F986C43A}
		{B4BF1A82-70A5-4ABE-8BC9-9941426A761D} = {EE1A66BE-1601-4D86-A082-F391F986C43A}
		{35DA88E6-8BA1-4D7D-B672-793136361504} = {AD0B16F9-C3BC-452D-8C02-231BDCA4DDD0}
		{F2A38661-145E-42DE-91F7-17785A417B4B} = {35DA88E6-8BA1-4D7D-B672-793136361504}
		{395E8673-F94A-407B-B7A0-45C112126D12} = {35DA88E6-8BA1-4D7D-B672-793136361504}
		{25E2B4AD-C826-4643-8800-F38DFA9FDDBB} = {35DA88E6-8BA1-4D7D-B672-793136361504}
		{8E2F19F6-63B2-439E-9D51-758764A1168F} = {395E8673-F94A-407B-B7A0-45C112126D12}
		{0611CC5B-0C44-4DEA-B76D-4A2295FB06E6} = {395E8673-F94A-407B-B7A0-45C112126D12}
		{C67E3C40-8684-49B1-9B18-1A08DCF32ED8} = {25E2B4AD-C826-4643-8800-F38DFA9FDDBB}
		{06C163C3-5B59-47FE-A155-6AC2AB4335F5} = {25E2B4AD-C826-4643-8800-F38DFA9FDDBB}
		{A3F0F0EE-9A6E-4781-91C6-124C508B4E35} = {99C1A37C-EE0E-4791-90CF-C90520CE17A7}
		{65593520-E3CD-4726-8D71-F88166C26E95} = {395E8673-F94A-407B-B7A0-45C112126D12}
		{B7EF705D-9FC8-428E-8266-F6DE24BE6584} = {F4ED5406-DCF4-4EAC-A47E-CC6CB1D83C56}
		{178CCCF2-73FA-41F8-9812-E8C25F247605} = {5CAD597B-E6B1-42BE-8223-CA4B8F0402F6}
	EndGlobalSection
	GlobalSection(ExtensibilityGlobals) = postSolution
		SolutionGuid = {7D7BB865-F57C-4290-8D7B-3D1CFD483CDE}
	EndGlobalSection
EndGlobal
