
Microsoft Visual Studio Solution File, Format Version 12.00
# Visual Studio Version 16
VisualStudioVersion = 16.0.30225.117
MinimumVisualStudioVersion = 10.0.40219.1
Project("{2150E333-8FDC-42A3-9474-1A3956D46DE8}") = "Solution Items", "Solution Items", "{1D549F33-6C62-46B0-B028-12C35624A399}"
	ProjectSection(SolutionItems) = preProject
		.editorconfig = .editorconfig
		.gitignore = .gitignore
		Nuget.config = Nuget.config
		README.md = README.md
	EndProjectSection
EndProject
Project("{2150E333-8FDC-42A3-9474-1A3956D46DE8}") = "user", "user", "{8E53F1C2-9D32-4339-8551-7B4AB1160C41}"
EndProject
Project("{2150E333-8FDC-42A3-9474-1A3956D46DE8}") = "build", "build", "{9B0815E7-FEBD-42BF-8C66-F0C79C30A6AC}"
	ProjectSection(SolutionItems) = preProject
		user\build\build-ci.yml = user\build\build-ci.yml
	EndProjectSection
EndProject
Project("{2150E333-8FDC-42A3-9474-1A3956D46DE8}") = "test", "test", "{D685D605-5CF4-4A64-806B-BAB0FF71912F}"
EndProject
Project("{2150E333-8FDC-42A3-9474-1A3956D46DE8}") = "src", "src", "{F4ED5406-DCF4-4EAC-A47E-CC6CB1D83C56}"
EndProject
Project("{2150E333-8FDC-42A3-9474-1A3956D46DE8}") = "core", "core", "{041743DF-BFB5-45F8-9B3A-BDC51CDC0B6E}"
EndProject
Project("{9A19103F-16F7-4668-BE54-9A1E7A4F7556}") = "Bizca.User.Domain", "user\src\Bizca.User.Domain\Bizca.User.Domain.csproj", "{B7EF705D-9FC8-428E-8266-F6DE24BE6584}"
EndProject
Project("{9A19103F-16F7-4668-BE54-9A1E7A4F7556}") = "Bizca.User.Domain.UnitTest", "user\test\Bizca.User.Domain.UnitTest\Bizca.User.Domain.UnitTest.csproj", "{DA8B1574-8F45-4976-9F7E-69FAD4850EDF}"
EndProject
Project("{9A19103F-16F7-4668-BE54-9A1E7A4F7556}") = "Bizca.User.WebApi", "user\src\Bizca.User.WebApi\Bizca.User.WebApi.csproj", "{6066BBF8-87BE-4782-84E6-C116736DAD54}"
EndProject
Project("{2150E333-8FDC-42A3-9474-1A3956D46DE8}") = "database", "database", "{4012C8EC-5724-46E8-858C-FE6221482BD8}"
	ProjectSection(SolutionItems) = preProject
		database\database.profile.xml = database\database.profile.xml
	EndProjectSection
EndProject
Project("{00D1A9C2-B5F0-4AF3-8072-F6C62B433612}") = "bizca.database", "database\bizca.database\bizca.database.sqlproj", "{BD7FBE3E-0188-477D-AFB9-41C2C9B0E5BD}"
EndProject
Project("{2150E333-8FDC-42A3-9474-1A3956D46DE8}") = "build", "build", "{EF7E32D1-D498-4B28-AF92-B3CD28DA3651}"
	ProjectSection(SolutionItems) = preProject
		database\build\build-ci.yml = database\build\build-ci.yml
		database\build\build-dacpac-ci.yml = database\build\build-dacpac-ci.yml
	EndProjectSection
EndProject
Project("{2150E333-8FDC-42A3-9474-1A3956D46DE8}") = "docker", "docker", "{A036919F-65F6-48DB-89AC-D21FC15CCF36}"
	ProjectSection(SolutionItems) = preProject
		database\docker\docker-compose.yml = database\docker\docker-compose.yml
		database\docker\dockerfile = database\docker\dockerfile
	EndProjectSection
EndProject
Project("{9A19103F-16F7-4668-BE54-9A1E7A4F7556}") = "bizca.database.build", "database\bizca.database.build\bizca.database.build.csproj", "{76EFAAF8-B782-4AB2-A970-D54A9EE37532}"
EndProject
Project("{2150E333-8FDC-42A3-9474-1A3956D46DE8}") = "core", "core", "{11919D8E-4AD9-4BCA-9476-75D9C3B129DD}"
EndProject
Project("{2150E333-8FDC-42A3-9474-1A3956D46DE8}") = "src", "src", "{EE1A66BE-1601-4D86-A082-F391F986C43A}"
EndProject
Project("{2150E333-8FDC-42A3-9474-1A3956D46DE8}") = "test", "test", "{99C1A37C-EE0E-4791-90CF-C90520CE17A7}"
EndProject
Project("{9A19103F-16F7-4668-BE54-9A1E7A4F7556}") = "Bizca.Core.Domain", "core\src\Bizca.Core.Domain\Bizca.Core.Domain.csproj", "{4D25138F-D243-4786-A0C2-5494316AFF34}"
EndProject
Project("{9A19103F-16F7-4668-BE54-9A1E7A4F7556}") = "Bizca.Core.Domain.Test", "core\test\Bizca.Core.Domain.Test\Bizca.Core.Domain.Test.csproj", "{E7A1FCB5-7DA4-4B28-B46F-730CACFFB9B8}"
EndProject
Project("{9A19103F-16F7-4668-BE54-9A1E7A4F7556}") = "Bizca.Core.Support.Test", "core\test\Bizca.Core.Support.Test\Bizca.Core.Support.Test.csproj", "{9793AD2C-FAB7-4FE2-AB51-151280E7854F}"
EndProject
Project("{9A19103F-16F7-4668-BE54-9A1E7A4F7556}") = "Bizca.User.Infrastructure", "user\src\Bizca.User.Infrastructure\Bizca.User.Infrastructure.csproj", "{2AD792A5-3053-4901-8BAC-F12D558CFC9D}"
EndProject
Project("{FAE04EC0-301F-11D3-BF4B-00C04F79EFBC}") = "Bizca.Core.Infrastructure.Abstracts", "core\src\Bizca.Core.Infrastructure.Abstracts\Bizca.Core.Infrastructure.Abstracts.csproj", "{4ECBD64F-9D9C-47A2-9C46-4D7AFE9C3A74}"
EndProject
Project("{FAE04EC0-301F-11D3-BF4B-00C04F79EFBC}") = "Bizca.Core.Infrastructure", "core\src\Bizca.Core.Infrastructure\Bizca.Core.Infrastructure.csproj", "{9F09439F-CAC7-4381-9A91-9BEAF0EA9CCE}"
EndProject
Project("{FAE04EC0-301F-11D3-BF4B-00C04F79EFBC}") = "Bizca.User.Infrastructure.UnitTest", "user\test\Bizca.User.Infrastructure.UnitTest\Bizca.User.Infrastructure.UnitTest.csproj", "{624E98DD-30A2-441B-9D97-1E881FFA038C}"
EndProject
Project("{FAE04EC0-301F-11D3-BF4B-00C04F79EFBC}") = "Bizca.Core.Infrastructure.Test", "core\test\Bizca.Core.Infrastructure.Test\Bizca.Core.Infrastructure.Test.csproj", "{B714CE7B-D98E-4272-AC8E-465C7D4E3DDF}"
EndProject
Global
	GlobalSection(SolutionConfigurationPlatforms) = preSolution
		Debug|Any CPU = Debug|Any CPU
		Release|Any CPU = Release|Any CPU
	EndGlobalSection
	GlobalSection(ProjectConfigurationPlatforms) = postSolution
		{B7EF705D-9FC8-428E-8266-F6DE24BE6584}.Debug|Any CPU.ActiveCfg = Debug|Any CPU
		{B7EF705D-9FC8-428E-8266-F6DE24BE6584}.Debug|Any CPU.Build.0 = Debug|Any CPU
		{B7EF705D-9FC8-428E-8266-F6DE24BE6584}.Release|Any CPU.ActiveCfg = Release|Any CPU
		{B7EF705D-9FC8-428E-8266-F6DE24BE6584}.Release|Any CPU.Build.0 = Release|Any CPU
		{DA8B1574-8F45-4976-9F7E-69FAD4850EDF}.Debug|Any CPU.ActiveCfg = Debug|Any CPU
		{DA8B1574-8F45-4976-9F7E-69FAD4850EDF}.Debug|Any CPU.Build.0 = Debug|Any CPU
		{DA8B1574-8F45-4976-9F7E-69FAD4850EDF}.Release|Any CPU.ActiveCfg = Release|Any CPU
		{DA8B1574-8F45-4976-9F7E-69FAD4850EDF}.Release|Any CPU.Build.0 = Release|Any CPU
		{6066BBF8-87BE-4782-84E6-C116736DAD54}.Debug|Any CPU.ActiveCfg = Debug|Any CPU
		{6066BBF8-87BE-4782-84E6-C116736DAD54}.Debug|Any CPU.Build.0 = Debug|Any CPU
		{6066BBF8-87BE-4782-84E6-C116736DAD54}.Release|Any CPU.ActiveCfg = Release|Any CPU
		{6066BBF8-87BE-4782-84E6-C116736DAD54}.Release|Any CPU.Build.0 = Release|Any CPU
		{BD7FBE3E-0188-477D-AFB9-41C2C9B0E5BD}.Debug|Any CPU.ActiveCfg = Debug|Any CPU
		{BD7FBE3E-0188-477D-AFB9-41C2C9B0E5BD}.Debug|Any CPU.Build.0 = Debug|Any CPU
		{BD7FBE3E-0188-477D-AFB9-41C2C9B0E5BD}.Debug|Any CPU.Deploy.0 = Debug|Any CPU
		{BD7FBE3E-0188-477D-AFB9-41C2C9B0E5BD}.Release|Any CPU.ActiveCfg = Release|Any CPU
		{BD7FBE3E-0188-477D-AFB9-41C2C9B0E5BD}.Release|Any CPU.Build.0 = Release|Any CPU
		{BD7FBE3E-0188-477D-AFB9-41C2C9B0E5BD}.Release|Any CPU.Deploy.0 = Release|Any CPU
		{76EFAAF8-B782-4AB2-A970-D54A9EE37532}.Debug|Any CPU.ActiveCfg = Debug|Any CPU
		{76EFAAF8-B782-4AB2-A970-D54A9EE37532}.Debug|Any CPU.Build.0 = Debug|Any CPU
		{76EFAAF8-B782-4AB2-A970-D54A9EE37532}.Release|Any CPU.ActiveCfg = Release|Any CPU
		{76EFAAF8-B782-4AB2-A970-D54A9EE37532}.Release|Any CPU.Build.0 = Release|Any CPU
		{4D25138F-D243-4786-A0C2-5494316AFF34}.Debug|Any CPU.ActiveCfg = Debug|Any CPU
		{4D25138F-D243-4786-A0C2-5494316AFF34}.Debug|Any CPU.Build.0 = Debug|Any CPU
		{4D25138F-D243-4786-A0C2-5494316AFF34}.Release|Any CPU.ActiveCfg = Release|Any CPU
		{4D25138F-D243-4786-A0C2-5494316AFF34}.Release|Any CPU.Build.0 = Release|Any CPU
		{E7A1FCB5-7DA4-4B28-B46F-730CACFFB9B8}.Debug|Any CPU.ActiveCfg = Debug|Any CPU
		{E7A1FCB5-7DA4-4B28-B46F-730CACFFB9B8}.Debug|Any CPU.Build.0 = Debug|Any CPU
		{E7A1FCB5-7DA4-4B28-B46F-730CACFFB9B8}.Release|Any CPU.ActiveCfg = Release|Any CPU
		{E7A1FCB5-7DA4-4B28-B46F-730CACFFB9B8}.Release|Any CPU.Build.0 = Release|Any CPU
		{9793AD2C-FAB7-4FE2-AB51-151280E7854F}.Debug|Any CPU.ActiveCfg = Debug|Any CPU
		{9793AD2C-FAB7-4FE2-AB51-151280E7854F}.Debug|Any CPU.Build.0 = Debug|Any CPU
		{9793AD2C-FAB7-4FE2-AB51-151280E7854F}.Release|Any CPU.ActiveCfg = Release|Any CPU
		{9793AD2C-FAB7-4FE2-AB51-151280E7854F}.Release|Any CPU.Build.0 = Release|Any CPU
		{2AD792A5-3053-4901-8BAC-F12D558CFC9D}.Debug|Any CPU.ActiveCfg = Debug|Any CPU
		{2AD792A5-3053-4901-8BAC-F12D558CFC9D}.Debug|Any CPU.Build.0 = Debug|Any CPU
		{2AD792A5-3053-4901-8BAC-F12D558CFC9D}.Release|Any CPU.ActiveCfg = Release|Any CPU
		{2AD792A5-3053-4901-8BAC-F12D558CFC9D}.Release|Any CPU.Build.0 = Release|Any CPU
		{4ECBD64F-9D9C-47A2-9C46-4D7AFE9C3A74}.Debug|Any CPU.ActiveCfg = Debug|Any CPU
		{4ECBD64F-9D9C-47A2-9C46-4D7AFE9C3A74}.Debug|Any CPU.Build.0 = Debug|Any CPU
		{4ECBD64F-9D9C-47A2-9C46-4D7AFE9C3A74}.Release|Any CPU.ActiveCfg = Release|Any CPU
		{4ECBD64F-9D9C-47A2-9C46-4D7AFE9C3A74}.Release|Any CPU.Build.0 = Release|Any CPU
		{9F09439F-CAC7-4381-9A91-9BEAF0EA9CCE}.Debug|Any CPU.ActiveCfg = Debug|Any CPU
		{9F09439F-CAC7-4381-9A91-9BEAF0EA9CCE}.Debug|Any CPU.Build.0 = Debug|Any CPU
		{9F09439F-CAC7-4381-9A91-9BEAF0EA9CCE}.Release|Any CPU.ActiveCfg = Release|Any CPU
		{9F09439F-CAC7-4381-9A91-9BEAF0EA9CCE}.Release|Any CPU.Build.0 = Release|Any CPU
		{624E98DD-30A2-441B-9D97-1E881FFA038C}.Debug|Any CPU.ActiveCfg = Debug|Any CPU
		{624E98DD-30A2-441B-9D97-1E881FFA038C}.Debug|Any CPU.Build.0 = Debug|Any CPU
		{624E98DD-30A2-441B-9D97-1E881FFA038C}.Release|Any CPU.ActiveCfg = Release|Any CPU
		{624E98DD-30A2-441B-9D97-1E881FFA038C}.Release|Any CPU.Build.0 = Release|Any CPU
		{B714CE7B-D98E-4272-AC8E-465C7D4E3DDF}.Debug|Any CPU.ActiveCfg = Debug|Any CPU
		{B714CE7B-D98E-4272-AC8E-465C7D4E3DDF}.Debug|Any CPU.Build.0 = Debug|Any CPU
		{B714CE7B-D98E-4272-AC8E-465C7D4E3DDF}.Release|Any CPU.ActiveCfg = Release|Any CPU
		{B714CE7B-D98E-4272-AC8E-465C7D4E3DDF}.Release|Any CPU.Build.0 = Release|Any CPU
	EndGlobalSection
	GlobalSection(SolutionProperties) = preSolution
		HideSolutionNode = FALSE
	EndGlobalSection
	GlobalSection(NestedProjects) = preSolution
		{9B0815E7-FEBD-42BF-8C66-F0C79C30A6AC} = {8E53F1C2-9D32-4339-8551-7B4AB1160C41}
		{D685D605-5CF4-4A64-806B-BAB0FF71912F} = {8E53F1C2-9D32-4339-8551-7B4AB1160C41}
		{F4ED5406-DCF4-4EAC-A47E-CC6CB1D83C56} = {8E53F1C2-9D32-4339-8551-7B4AB1160C41}
		{041743DF-BFB5-45F8-9B3A-BDC51CDC0B6E} = {F4ED5406-DCF4-4EAC-A47E-CC6CB1D83C56}
		{B7EF705D-9FC8-428E-8266-F6DE24BE6584} = {041743DF-BFB5-45F8-9B3A-BDC51CDC0B6E}
		{DA8B1574-8F45-4976-9F7E-69FAD4850EDF} = {D685D605-5CF4-4A64-806B-BAB0FF71912F}
		{6066BBF8-87BE-4782-84E6-C116736DAD54} = {F4ED5406-DCF4-4EAC-A47E-CC6CB1D83C56}
		{BD7FBE3E-0188-477D-AFB9-41C2C9B0E5BD} = {4012C8EC-5724-46E8-858C-FE6221482BD8}
		{EF7E32D1-D498-4B28-AF92-B3CD28DA3651} = {4012C8EC-5724-46E8-858C-FE6221482BD8}
		{A036919F-65F6-48DB-89AC-D21FC15CCF36} = {4012C8EC-5724-46E8-858C-FE6221482BD8}
		{76EFAAF8-B782-4AB2-A970-D54A9EE37532} = {4012C8EC-5724-46E8-858C-FE6221482BD8}
		{EE1A66BE-1601-4D86-A082-F391F986C43A} = {11919D8E-4AD9-4BCA-9476-75D9C3B129DD}
		{99C1A37C-EE0E-4791-90CF-C90520CE17A7} = {11919D8E-4AD9-4BCA-9476-75D9C3B129DD}
		{4D25138F-D243-4786-A0C2-5494316AFF34} = {EE1A66BE-1601-4D86-A082-F391F986C43A}
		{E7A1FCB5-7DA4-4B28-B46F-730CACFFB9B8} = {99C1A37C-EE0E-4791-90CF-C90520CE17A7}
		{9793AD2C-FAB7-4FE2-AB51-151280E7854F} = {99C1A37C-EE0E-4791-90CF-C90520CE17A7}
		{2AD792A5-3053-4901-8BAC-F12D558CFC9D} = {F4ED5406-DCF4-4EAC-A47E-CC6CB1D83C56}
		{4ECBD64F-9D9C-47A2-9C46-4D7AFE9C3A74} = {EE1A66BE-1601-4D86-A082-F391F986C43A}
		{9F09439F-CAC7-4381-9A91-9BEAF0EA9CCE} = {EE1A66BE-1601-4D86-A082-F391F986C43A}
		{624E98DD-30A2-441B-9D97-1E881FFA038C} = {D685D605-5CF4-4A64-806B-BAB0FF71912F}
		{B714CE7B-D98E-4272-AC8E-465C7D4E3DDF} = {99C1A37C-EE0E-4791-90CF-C90520CE17A7}
	EndGlobalSection
	GlobalSection(ExtensibilityGlobals) = postSolution
		SolutionGuid = {7D7BB865-F57C-4290-8D7B-3D1CFD483CDE}
	EndGlobalSection
EndGlobal
